// !$*UTF8*$!
{
	archiveVersion = 1;
	classes = {
	};
	objectVersion = 46;
	objects = {

/* Begin PBXBuildFile section */
		95D642AB206A702D00C19CA7 /* main.m in Sources */ = {isa = PBXBuildFile; fileRef = 95D642AA206A702D00C19CA7 /* main.m */; };
		95D642AE206A702D00C19CA7 /* AppDelegate.m in Sources */ = {isa = PBXBuildFile; fileRef = 95D642AD206A702D00C19CA7 /* AppDelegate.m */; };
		95D642B1206A702D00C19CA7 /* ViewController.m in Sources */ = {isa = PBXBuildFile; fileRef = 95D642B0206A702D00C19CA7 /* ViewController.m */; };
		95D642B4206A702D00C19CA7 /* Main.storyboard in Resources */ = {isa = PBXBuildFile; fileRef = 95D642B2206A702D00C19CA7 /* Main.storyboard */; };
		95D642B6206A702D00C19CA7 /* Assets.xcassets in Resources */ = {isa = PBXBuildFile; fileRef = 95D642B5206A702D00C19CA7 /* Assets.xcassets */; };
		95D642B9206A702D00C19CA7 /* LaunchScreen.storyboard in Resources */ = {isa = PBXBuildFile; fileRef = 95D642B7206A702D00C19CA7 /* LaunchScreen.storyboard */; };
		95D642C2206A713E00C19CA7 /* PlayingCardView.m in Sources */ = {isa = PBXBuildFile; fileRef = 95D642C1206A713E00C19CA7 /* PlayingCardView.m */; };
/* End PBXBuildFile section */

/* Begin PBXFileReference section */
		95D642A6206A702D00C19CA7 /* PlayingSuperCard.app */ = {isa = PBXFileReference; explicitFileType = wrapper.application; includeInIndex = 0; path = PlayingSuperCard.app; sourceTree = BUILT_PRODUCTS_DIR; };
		95D642AA206A702D00C19CA7 /* main.m */ = {isa = PBXFileReference; lastKnownFileType = sourcecode.c.objc; path = main.m; sourceTree = "<group>"; };
		95D642AC206A702D00C19CA7 /* AppDelegate.h */ = {isa = PBXFileReference; lastKnownFileType = sourcecode.c.h; path = AppDelegate.h; sourceTree = "<group>"; };
		95D642AD206A702D00C19CA7 /* AppDelegate.m */ = {isa = PBXFileReference; lastKnownFileType = sourcecode.c.objc; path = AppDelegate.m; sourceTree = "<group>"; };
		95D642AF206A702D00C19CA7 /* ViewController.h */ = {isa = PBXFileReference; lastKnownFileType = sourcecode.c.h; path = ViewController.h; sourceTree = "<group>"; };
		95D642B0206A702D00C19CA7 /* ViewController.m */ = {isa = PBXFileReference; lastKnownFileType = sourcecode.c.objc; path = ViewController.m; sourceTree = "<group>"; };
		95D642B3206A702D00C19CA7 /* Base */ = {isa = PBXFileReference; lastKnownFileType = file.storyboard; name = Base; path = Base.lproj/Main.storyboard; sourceTree = "<group>"; };
		95D642B5206A702D00C19CA7 /* Assets.xcassets */ = {isa = PBXFileReference; lastKnownFileType = folder.assetcatalog; path = Assets.xcassets; sourceTree = "<group>"; };
		95D642B8206A702D00C19CA7 /* Base */ = {isa = PBXFileReference; lastKnownFileType = file.storyboard; name = Base; path = Base.lproj/LaunchScreen.storyboard; sourceTree = "<group>"; };
		95D642BA206A702D00C19CA7 /* Info.plist */ = {isa = PBXFileReference; lastKnownFileType = text.plist.xml; path = Info.plist; sourceTree = "<group>"; };
		95D642C0206A713E00C19CA7 /* PlayingCardView.h */ = {isa = PBXFileReference; fileEncoding = 4; lastKnownFileType = sourcecode.c.h; path = PlayingCardView.h; sourceTree = "<group>"; };
		95D642C1206A713E00C19CA7 /* PlayingCardView.m */ = {isa = PBXFileReference; fileEncoding = 4; lastKnownFileType = sourcecode.c.objc; path = PlayingCardView.m; sourceTree = "<group>"; };
/* End PBXFileReference section */

/* Begin PBXFrameworksBuildPhase section */
		95D642A3206A702D00C19CA7 /* Frameworks */ = {
			isa = PBXFrameworksBuildPhase;
			buildActionMask = 2147483647;
			files = (
			);
			runOnlyForDeploymentPostprocessing = 0;
		};
/* End PBXFrameworksBuildPhase section */

/* Begin PBXGroup section */
		95D6429D206A702D00C19CA7 = {
			isa = PBXGroup;
			children = (
				95D642A8206A702D00C19CA7 /* PlayingSuperCard */,
				95D642A7206A702D00C19CA7 /* Products */,
			);
			sourceTree = "<group>";
		};
		95D642A7206A702D00C19CA7 /* Products */ = {
			isa = PBXGroup;
			children = (
				95D642A6206A702D00C19CA7 /* PlayingSuperCard.app */,
			);
			name = Products;
			sourceTree = "<group>";
		};
		95D642A8206A702D00C19CA7 /* PlayingSuperCard */ = {
			isa = PBXGroup;
			children = (
				95D642AC206A702D00C19CA7 /* AppDelegate.h */,
				95D642AD206A702D00C19CA7 /* AppDelegate.m */,
				95D642AF206A702D00C19CA7 /* ViewController.h */,
				95D642B0206A702D00C19CA7 /* ViewController.m */,
				95D642B2206A702D00C19CA7 /* Main.storyboard */,
				95D642B5206A702D00C19CA7 /* Assets.xcassets */,
				95D642B7206A702D00C19CA7 /* LaunchScreen.storyboard */,
				95D642BA206A702D00C19CA7 /* Info.plist */,
				95D642A9206A702D00C19CA7 /* Supporting Files */,
				95D642C0206A713E00C19CA7 /* PlayingCardView.h */,
				95D642C1206A713E00C19CA7 /* PlayingCardView.m */,
			);
			path = PlayingSuperCard;
			sourceTree = "<group>";
		};
		95D642A9206A702D00C19CA7 /* Supporting Files */ = {
			isa = PBXGroup;
			children = (
				95D642AA206A702D00C19CA7 /* main.m */,
			);
			name = "Supporting Files";
			sourceTree = "<group>";
		};
/* End PBXGroup section */

/* Begin PBXNativeTarget section */
		95D642A5206A702D00C19CA7 /* PlayingSuperCard */ = {
			isa = PBXNativeTarget;
			buildConfigurationList = 95D642BD206A702D00C19CA7 /* Build configuration list for PBXNativeTarget "PlayingSuperCard" */;
			buildPhases = (
				95D642A2206A702D00C19CA7 /* Sources */,
				95D642A3206A702D00C19CA7 /* Frameworks */,
				95D642A4206A702D00C19CA7 /* Resources */,
			);
			buildRules = (
			);
			dependencies = (
			);
			name = PlayingSuperCard;
			productName = PlayingSuperCard;
			productReference = 95D642A6206A702D00C19CA7 /* PlayingSuperCard.app */;
			productType = "com.apple.product-type.application";
		};
/* End PBXNativeTarget section */

/* Begin PBXProject section */
		95D6429E206A702D00C19CA7 /* Project object */ = {
			isa = PBXProject;
			attributes = {
				LastUpgradeCheck = 0830;
				ORGANIZATIONNAME = "Harvey Yang";
				TargetAttributes = {
					95D642A5206A702D00C19CA7 = {
						CreatedOnToolsVersion = 8.3;
						DevelopmentTeam = D5HAA3R4YD;
						ProvisioningStyle = Automatic;
					};
				};
			};
			buildConfigurationList = 95D642A1206A702D00C19CA7 /* Build configuration list for PBXProject "PlayingSuperCard" */;
			compatibilityVersion = "Xcode 3.2";
			developmentRegion = English;
			hasScannedForEncodings = 0;
			knownRegions = (
				en,
				Base,
			);
			mainGroup = 95D6429D206A702D00C19CA7;
			productRefGroup = 95D642A7206A702D00C19CA7 /* Products */;
			projectDirPath = "";
			projectRoot = "";
			targets = (
				95D642A5206A702D00C19CA7 /* PlayingSuperCard */,
			);
		};
/* End PBXProject section */

/* Begin PBXResourcesBuildPhase section */
		95D642A4206A702D00C19CA7 /* Resources */ = {
			isa = PBXResourcesBuildPhase;
			buildActionMask = 2147483647;
			files = (
				95D642B9206A702D00C19CA7 /* LaunchScreen.storyboard in Resources */,
				95D642B6206A702D00C19CA7 /* Assets.xcassets in Resources */,
				95D642B4206A702D00C19CA7 /* Main.storyboard in Resources */,
			);
			runOnlyForDeploymentPostprocessing = 0;
		};
/* End PBXResourcesBuildPhase section */

/* Begin PBXSourcesBuildPhase section */
		95D642A2206A702D00C19CA7 /* Sources */ = {
			isa = PBXSourcesBuildPhase;
			buildActionMask = 2147483647;
			files = (
				95D642B1206A702D00C19CA7 /* ViewController.m in Sources */,
				95D642C2206A713E00C19CA7 /* PlayingCardView.m in Sources */,
				95D642AE206A702D00C19CA7 /* AppDelegate.m in Sources */,
				95D642AB206A702D00C19CA7 /* main.m in Sources */,
			);
			runOnlyForDeploymentPostprocessing = 0;
		};
/* End PBXSourcesBuildPhase section */

/* Begin PBXVariantGroup section */
		95D642B2206A702D00C19CA7 /* Main.storyboard */ = {
			isa = PBXVariantGroup;
			children = (
				95D642B3206A702D00C19CA7 /* Base */,
			);
			name = Main.storyboard;
			sourceTree = "<group>";
		};
		95D642B7206A702D00C19CA7 /* LaunchScreen.storyboard */ = {
			isa = PBXVariantGroup;
			children = (
				95D642B8206A702D00C19CA7 /* Base */,
			);
			name = LaunchScreen.storyboard;
			sourceTree = "<group>";
		};
/* End PBXVariantGroup section */

/* Begin XCBuildConfiguration section */
		95D642BB206A702D00C19CA7 /* Debug */ = {
			isa = XCBuildConfiguration;
			buildSettings = {
				ALWAYS_SEARCH_USER_PATHS = NO;
				CLANG_ANALYZER_NONNULL = YES;
				CLANG_ANALYZER_NUMBER_OBJECT_CONVERSION = YES_AGGRESSIVE;
				CLANG_CXX_LANGUAGE_STANDARD = "gnu++0x";
				CLANG_CXX_LIBRARY = "libc++";
				CLANG_ENABLE_MODULES = YES;
				CLANG_ENABLE_OBJC_ARC = YES;
				CLANG_WARN_BOOL_CONVERSION = YES;
				CLANG_WARN_CONSTANT_CONVERSION = YES;
				CLANG_WARN_DIRECT_OBJC_ISA_USAGE = YES_ERROR;
				CLANG_WARN_DOCUMENTATION_COMMENTS = YES;
				CLANG_WARN_EMPTY_BODY = YES;
				CLANG_WARN_ENUM_CONVERSION = YES;
				CLANG_WARN_INFINITE_RECURSION = YES;
				CLANG_WARN_INT_CONVERSION = YES;
				CLANG_WARN_OBJC_ROOT_CLASS = YES_ERROR;
				CLANG_WARN_SUSPICIOUS_MOVE = YES;
				CLANG_WARN_UNREACHABLE_CODE = YES;
				CLANG_WARN__DUPLICATE_METHOD_MATCH = YES;
				"CODE_SIGN_IDENTITY[sdk=iphoneos*]" = "iPhone Developer";
				COPY_PHASE_STRIP = NO;
				DEBUG_INFORMATION_FORMAT = dwarf;
				ENABLE_STRICT_OBJC_MSGSEND = YES;
				ENABLE_TESTABILITY = YES;
				GCC_C_LANGUAGE_STANDARD = gnu99;
				GCC_DYNAMIC_NO_PIC = NO;
				GCC_NO_COMMON_BLOCKS = YES;
				GCC_OPTIMIZATION_LEVEL = 0;
				GCC_PREPROCESSOR_DEFINITIONS = (
					"DEBUG=1",
					"$(inherited)",
				);
				GCC_WARN_64_TO_32_BIT_CONVERSION = YES;
				GCC_WARN_ABOUT_RETURN_TYPE = YES_ERROR;
				GCC_WARN_UNDECLARED_SELECTOR = YES;
				GCC_WARN_UNINITIALIZED_AUTOS = YES_AGGRESSIVE;
				GCC_WARN_UNUSED_FUNCTION = YES;
				GCC_WARN_UNUSED_VARIABLE = YES;
				IPHONEOS_DEPLOYMENT_TARGET = 10.3;
				MTL_ENABLE_DEBUG_INFO = YES;
				ONLY_ACTIVE_ARCH = YES;
				SDKROOT = iphoneos;
				TARGETED_DEVICE_FAMILY = "1,2";
			};
			name = Debug;
		};
		95D642BC206A702D00C19CA7 /* Release */ = {
			isa = XCBuildConfiguration;
			buildSettings = {
				ALWAYS_SEARCH_USER_PATHS = NO;
				CLANG_ANALYZER_NONNULL = YES;
				CLANG_ANALYZER_NUMBER_OBJECT_CONVERSION = YES_AGGRESSIVE;
				CLANG_CXX_LANGUAGE_STANDARD = "gnu++0x";
				CLANG_CXX_LIBRARY = "libc++";
				CLANG_ENABLE_MODULES = YES;
				CLANG_ENABLE_OBJC_ARC = YES;
				CLANG_WARN_BOOL_CONVERSION = YES;
				CLANG_WARN_CONSTANT_CONVERSION = YES;
				CLANG_WARN_DIRECT_OBJC_ISA_USAGE = YES_ERROR;
				CLANG_WARN_DOCUMENTATION_COMMENTS = YES;
				CLANG_WARN_EMPTY_BODY = YES;
				CLANG_WARN_ENUM_CONVERSION = YES;
				CLANG_WARN_INFINITE_RECURSION = YES;
				CLANG_WARN_INT_CONVERSION = YES;
				CLANG_WARN_OBJC_ROOT_CLASS = YES_ERROR;
				CLANG_WARN_SUSPICIOUS_MOVE = YES;
				CLANG_WARN_UNREACHABLE_CODE = YES;
				CLANG_WARN__DUPLICATE_METHOD_MATCH = YES;
				"CODE_SIGN_IDENTITY[sdk=iphoneos*]" = "iPhone Developer";
				COPY_PHASE_STRIP = NO;
				DEBUG_INFORMATION_FORMAT = "dwarf-with-dsym";
				ENABLE_NS_ASSERTIONS = NO;
				ENABLE_STRICT_OBJC_MSGSEND = YES;
				GCC_C_LANGUAGE_STANDARD = gnu99;
				GCC_NO_COMMON_BLOCKS = YES;
				GCC_WARN_64_TO_32_BIT_CONVERSION = YES;
				GCC_WARN_ABOUT_RETURN_TYPE = YES_ERROR;
				GCC_WARN_UNDECLARED_SELECTOR = YES;
				GCC_WARN_UNINITIALIZED_AUTOS = YES_AGGRESSIVE;
				GCC_WARN_UNUSED_FUNCTION = YES;
				GCC_WARN_UNUSED_VARIABLE = YES;
				IPHONEOS_DEPLOYMENT_TARGET = 10.3;
				MTL_ENABLE_DEBUG_INFO = NO;
				SDKROOT = iphoneos;
				TARGETED_DEVICE_FAMILY = "1,2";
				VALIDATE_PRODUCT = YES;
			};
			name = Release;
		};
		95D642BE206A702D00C19CA7 /* Debug */ = {
			isa = XCBuildConfiguration;
			buildSettings = {
				ASSETCATALOG_COMPILER_APPICON_NAME = AppIcon;
				DEVELOPMENT_TEAM = D5HAA3R4YD;
				INFOPLIST_FILE = PlayingSuperCard/Info.plist;
				LD_RUNPATH_SEARCH_PATHS = "$(inherited) @executable_path/Frameworks";
				PRODUCT_BUNDLE_IDENTIFIER = com.harvey.PlayingSuperCard;
				PRODUCT_NAME = "$(TARGET_NAME)";
			};
			name = Debug;
		};
		95D642BF206A702D00C19CA7 /* Release */ = {
			isa = XCBuildConfiguration;
			buildSettings = {
				ASSETCATALOG_COMPILER_APPICON_NAME = AppIcon;
				DEVELOPMENT_TEAM = D5HAA3R4YD;
				INFOPLIST_FILE = PlayingSuperCard/Info.plist;
				LD_RUNPATH_SEARCH_PATHS = "$(inherited) @executable_path/Frameworks";
				PRODUCT_BUNDLE_IDENTIFIER = com.harvey.PlayingSuperCard;
				PRODUCT_NAME = "$(TARGET_NAME)";
			};
			name = Release;
		};
/* End XCBuildConfiguration section */

/* Begin XCConfigurationList section */
		95D642A1206A702D00C19CA7 /* Build configuration list for PBXProject "PlayingSuperCard" */ = {
			isa = XCConfigurationList;
			buildConfigurations = (
				95D642BB206A702D00C19CA7 /* Debug */,
				95D642BC206A702D00C19CA7 /* Release */,
			);
			defaultConfigurationIsVisible = 0;
			defaultConfigurationName = Release;
		};
		95D642BD206A702D00C19CA7 /* Build configuration list for PBXNativeTarget "PlayingSuperCard" */ = {
			isa = XCConfigurationList;
			buildConfigurations = (
				95D642BE206A702D00C19CA7 /* Debug */,
				95D642BF206A702D00C19CA7 /* Release */,
			);
			defaultConfigurationIsVisible = 0;
		};
/* End XCConfigurationList section */
	};
	rootObject = 95D6429E206A702D00C19CA7 /* Project object */;
}
